
Microsoft Visual Studio Solution File, Format Version 12.00
# Visual Studio Version 16
VisualStudioVersion = 16.0.31624.102
MinimumVisualStudioVersion = 10.0.40219.1
Project("{FAE04EC0-301F-11D3-BF4B-00C04F79EFBC}") = "Editor", "Editor.csproj", "{23D3B842-AC99-4AC2-A834-08A4ED042F82}"
EndProject
Global
	GlobalSection(SolutionConfigurationPlatforms) = preSolution
		Debug|Any CPU = Debug|Any CPU
		Release|Any CPU = Release|Any CPU
	EndGlobalSection
	GlobalSection(ProjectConfigurationPlatforms) = postSolution
		{23D3B842-AC99-4AC2-A834-08A4ED042F82}.Debug|Any CPU.ActiveCfg = Debug|Any CPU
		{23D3B842-AC99-4AC2-A834-08A4ED042F82}.Debug|Any CPU.Build.0 = Debug|Any CPU
		{23D3B842-AC99-4AC2-A834-08A4ED042F82}.Release|Any CPU.ActiveCfg = Release|Any CPU
		{23D3B842-AC99-4AC2-A834-08A4ED042F82}.Release|Any CPU.Build.0 = Release|Any CPU
	EndGlobalSection
	GlobalSection(SolutionProperties) = preSolution
		HideSolutionNode = FALSE
	EndGlobalSection
	GlobalSection(ExtensibilityGlobals) = postSolution
		SolutionGuid = {468CC834-5AF9-49CD-8CD2-D70AACBA4F8F}
	EndGlobalSection
EndGlobal
